
Microsoft Visual Studio Solution File, Format Version 12.00
# Visual Studio 2013
VisualStudioVersion = 12.0.31101.0
MinimumVisualStudioVersion = 10.0.40219.1
Project("{FAE04EC0-301F-11D3-BF4B-00C04F79EFBC}") = "WordDemo", "WordDemo\WordDemo.csproj", "{4ED098B7-3D9A-457D-A8D6-B1D6088F7DC9}"
EndProject
Project("{FAE04EC0-301F-11D3-BF4B-00C04F79EFBC}") = "WordDemoWeb", "WordDemoWeb\WordDemoWeb.csproj", "{432D8B31-C147-4CC3-804F-6DD65F9F6D48}"
EndProject
Global
	GlobalSection(SolutionConfigurationPlatforms) = preSolution
		Debug|Any CPU = Debug|Any CPU
		Release|Any CPU = Release|Any CPU
	EndGlobalSection
	GlobalSection(ProjectConfigurationPlatforms) = postSolution
		{4ED098B7-3D9A-457D-A8D6-B1D6088F7DC9}.Debug|Any CPU.ActiveCfg = Debug|Any CPU
		{4ED098B7-3D9A-457D-A8D6-B1D6088F7DC9}.Debug|Any CPU.Build.0 = Debug|Any CPU
		{4ED098B7-3D9A-457D-A8D6-B1D6088F7DC9}.Debug|Any CPU.Deploy.0 = Debug|Any CPU
		{4ED098B7-3D9A-457D-A8D6-B1D6088F7DC9}.Release|Any CPU.ActiveCfg = Release|Any CPU
		{4ED098B7-3D9A-457D-A8D6-B1D6088F7DC9}.Release|Any CPU.Build.0 = Release|Any CPU
		{4ED098B7-3D9A-457D-A8D6-B1D6088F7DC9}.Release|Any CPU.Deploy.0 = Release|Any CPU
		{432D8B31-C147-4CC3-804F-6DD65F9F6D48}.Debug|Any CPU.ActiveCfg = Debug|Any CPU
		{432D8B31-C147-4CC3-804F-6DD65F9F6D48}.Debug|Any CPU.Build.0 = Debug|Any CPU
		{432D8B31-C147-4CC3-804F-6DD65F9F6D48}.Release|Any CPU.ActiveCfg = Release|Any CPU
		{432D8B31-C147-4CC3-804F-6DD65F9F6D48}.Release|Any CPU.Build.0 = Release|Any CPU
	EndGlobalSection
	GlobalSection(SolutionProperties) = preSolution
		HideSolutionNode = FALSE
	EndGlobalSection
EndGlobal
